
Microsoft Visual Studio Solution File, Format Version 12.00
# Visual Studio 15
VisualStudioVersion = 15.0.27130.2027
MinimumVisualStudioVersion = 10.0.40219.1
Project("{FAE04EC0-301F-11D3-BF4B-00C04F79EFBC}") = "Lab5", "Lab5\Lab5.csproj", "{CA07B042-003C-4919-8CF0-76E8F4850529}"
EndProject
Global
	GlobalSection(SolutionConfigurationPlatforms) = preSolution
		Debug|Any CPU = Debug|Any CPU
		Release|Any CPU = Release|Any CPU
	EndGlobalSection
	GlobalSection(ProjectConfigurationPlatforms) = postSolution
		{CA07B042-003C-4919-8CF0-76E8F4850529}.Debug|Any CPU.ActiveCfg = Debug|Any CPU
		{CA07B042-003C-4919-8CF0-76E8F4850529}.Debug|Any CPU.Build.0 = Debug|Any CPU
		{CA07B042-003C-4919-8CF0-76E8F4850529}.Release|Any CPU.ActiveCfg = Release|Any CPU
		{CA07B042-003C-4919-8CF0-76E8F4850529}.Release|Any CPU.Build.0 = Release|Any CPU
	EndGlobalSection
	GlobalSection(SolutionProperties) = preSolution
		HideSolutionNode = FALSE
	EndGlobalSection
	GlobalSection(ExtensibilityGlobals) = postSolution
		SolutionGuid = {422961CE-C729-4248-B272-C6C4AC4E94A1}
	EndGlobalSection
EndGlobal
